{
    "requires": true,
    "lockfileVersion": 1,
    "dependencies": {
        "arg": {
            "version": "4.1.2",
            "resolved": "http://r.npm.sankuai.com/arg/download/arg-4.1.2.tgz",
            "integrity": "sha1-5wyQV54Cxj2A461OMdi/24vVAGQ=",
            "dev": true
        },
        "assemblyscript": {
            "version": "0.18.6",
            "resolved": "https://registry.npmjs.org/assemblyscript/-/assemblyscript-0.18.6.tgz",
            "integrity": "sha512-dUj22cradr3Vy17RjF3tLdZspRbDwEmPmDnxXvtpUaToxp+n90JbrtBt2TUP+79AhG+h6Z3GMJge+pkWMB5KFg==",
            "dev": true,
            "requires": {
                "binaryen": "98.0.0-nightly.20210106",
                "long": "^4.0.0"
            }
        },
        "binaryen": {
            "version": "98.0.0-nightly.20210106",
            "resolved": "https://registry.npmjs.org/binaryen/-/binaryen-98.0.0-nightly.20210106.tgz",
            "integrity": "sha512-iunAgesqT9PXVYCc72FA4h0sCCKLifruT6NuUH63xqlFJGpChhZLgOtyIb/fIgTibN5Pd692cxfBViyCWFsJ9Q==",
            "dev": true
        },
        "buffer-from": {
            "version": "1.1.1",
            "resolved": "http://r.npm.sankuai.com/buffer-from/download/buffer-from-1.1.1.tgz",
            "integrity": "sha1-MnE7wCj3XAL9txDXx7zsHyxgcO8=",
            "dev": true
        },
        "diff": {
            "version": "4.0.2",
            "resolved": "http://r.npm.sankuai.com/diff/download/diff-4.0.2.tgz",
            "integrity": "sha1-YPOuy4nV+uUgwRqhnvwruYKq3n0=",
            "dev": true
        },
        "long": {
            "version": "4.0.0",
            "resolved": "https://registry.npmjs.org/long/-/long-4.0.0.tgz",
            "integrity": "sha512-XsP+KhQif4bjX1kbuSiySJFNAehNxgLb6hPRGJ9QsUr8ajHkuXGdrHmFUTUUXhDwVX2R5bY4JNZEwbUiMhV+MA==",
            "dev": true
        },
        "make-error": {
            "version": "1.3.6",
            "resolved": "http://r.npm.sankuai.com/make-error/download/make-error-1.3.6.tgz",
            "integrity": "sha1-LrLjfqm2fEiR9oShOUeZr0hM96I=",
            "dev": true
        },
        "source-map": {
            "version": "0.6.1",
            "resolved": "http://r.npm.sankuai.com/source-map/download/source-map-0.6.1.tgz",
            "integrity": "sha1-dHIq8y6WFOnCh6jQu95IteLxomM=",
            "dev": true
        },
        "source-map-support": {
            "version": "0.5.19",
            "resolved": "http://r.npm.sankuai.com/source-map-support/download/source-map-support-0.5.19.tgz",
            "integrity": "sha1-qYti+G3K9PZzmWSMCFKRq56P7WE=",
            "dev": true,
            "requires": {
                "buffer-from": "^1.0.0",
                "source-map": "^0.6.0"
            }
        },
        "ts-node": {
            "version": "8.6.2",
            "resolved": "http://r.npm.sankuai.com/ts-node/download/ts-node-8.6.2.tgz",
            "integrity": "sha1-dBmgE5GoGPuvpvgmozwaE+lGTjU=",
            "dev": true,
            "requires": {
                "arg": "^4.1.0",
                "diff": "^4.0.1",
                "make-error": "^1.1.1",
                "source-map-support": "^0.5.6",
                "yn": "3.1.1"
            }
        },
        "typescript": {
            "version": "4.1.3",
            "resolved": "http://r.npm.sankuai.com/typescript/download/typescript-4.1.3.tgz",
            "integrity": "sha1-UZ1YK9lMugz4k0x9joRn5HP1O7c="
        },
        "yn": {
            "version": "3.1.1",
            "resolved": "http://r.npm.sankuai.com/yn/download/yn-3.1.1.tgz",
            "integrity": "sha1-HodAGgnXZ8HV6rJqbkwYUYLS61A=",
            "dev": true
        }
    }
}
