# THIS IS AN AUTOGENERATED FILE. DO NOT EDIT THIS FILE DIRECTLY.
# yarn lockfile v1


arg@^4.1.0:
  version "4.1.2"
  resolved "http://r.npm.sankuai.com/arg/download/arg-4.1.2.tgz#e70c90579e02c63d80e3ad4e31d8bfdb8bd50064"

assemblyscript@latest:
  version "0.18.6"
  resolved "https://registry.npmjs.org/assemblyscript/-/assemblyscript-0.18.6.tgz#2be7558aba10a5c6cf53a69c06cc39ce28ffe469"
  dependencies:
    binaryen "98.0.0-nightly.20210106"
    long "^4.0.0"

binaryen@98.0.0-nightly.20210106:
  version "98.0.0-nightly.20210106"
  resolved "https://registry.npmjs.org/binaryen/-/binaryen-98.0.0-nightly.20210106.tgz#c7bc637e2223a83bf3cae9d98969f569efab4062"

buffer-from@^1.0.0:
  version "1.1.1"
  resolved "http://r.npm.sankuai.com/buffer-from/download/buffer-from-1.1.1.tgz#32713bc028f75c02fdb710d7c7bcec1f2c6070ef"

diff@^4.0.1:
  version "4.0.2"
  resolved "http://r.npm.sankuai.com/diff/download/diff-4.0.2.tgz#60f3aecb89d5fae520c11aa19efc2bb982aade7d"

long@^4.0.0:
  version "4.0.0"
  resolved "http://r.npm.sankuai.com/long/download/long-4.0.0.tgz#9a7b71cfb7d361a194ea555241c92f7468d5bf28"

make-error@^1.1.1:
  version "1.3.5"
  resolved "http://r.npm.sankuai.com/make-error/download/make-error-1.3.5.tgz#efe4e81f6db28cadd605c70f29c831b58ef776c8"

source-map-support@^0.5.6:
  version "0.5.16"
  resolved "http://r.npm.sankuai.com/source-map-support/download/source-map-support-0.5.16.tgz#0ae069e7fe3ba7538c64c98515e35339eac5a042"
  dependencies:
    buffer-from "^1.0.0"
    source-map "^0.6.0"

source-map@^0.6.0:
  version "0.6.1"
  resolved "http://r.npm.sankuai.com/source-map/download/source-map-0.6.1.tgz#74722af32e9614e9c287a8d0bbde48b5e2f1a263"

ts-node@^8.5.4:
  version "8.6.2"
  resolved "http://r.npm.sankuai.com/ts-node/download/ts-node-8.6.2.tgz#7419a01391a818fbafa6f826a33c1a13e9464e35"
  dependencies:
    arg "^4.1.0"
    diff "^4.0.1"
    make-error "^1.1.1"
    source-map-support "^0.5.6"
    yn "3.1.1"

typescript@^4.1.3:
  version "4.1.3"
  resolved "https://registry.npmjs.org/typescript/-/typescript-4.1.3.tgz#519d582bd94cba0cf8934c7d8e8467e473f53bb7"

yn@3.1.1:
  version "3.1.1"
  resolved "http://r.npm.sankuai.com/yn/download/yn-3.1.1.tgz#1e87401a09d767c1d5eab26a6e4c185182d2eb50"
